
Microsoft Visual Studio Solution File, Format Version 12.00
# Visual Studio Version 17
VisualStudioVersion = 17.11.35327.3
MinimumVisualStudioVersion = 10.0.40219.1
Project("{FAE04EC0-301F-11D3-BF4B-00C04F79EFBC}") = "BastonInteligente", "BastonInteligente.csproj", "{4DD6EDF3-2988-4F52-AE2D-A46CBD88B5C4}"
EndProject
Global
	GlobalSection(SolutionConfigurationPlatforms) = preSolution
		Debug|Any CPU = Debug|Any CPU
		Release|Any CPU = Release|Any CPU
	EndGlobalSection
	GlobalSection(ProjectConfigurationPlatforms) = postSolution
		{4DD6EDF3-2988-4F52-AE2D-A46CBD88B5C4}.Debug|Any CPU.ActiveCfg = Debug|Any CPU
		{4DD6EDF3-2988-4F52-AE2D-A46CBD88B5C4}.Debug|Any CPU.Build.0 = Debug|Any CPU
		{4DD6EDF3-2988-4F52-AE2D-A46CBD88B5C4}.Debug|Any CPU.Deploy.0 = Debug|Any CPU
		{4DD6EDF3-2988-4F52-AE2D-A46CBD88B5C4}.Release|Any CPU.ActiveCfg = Release|Any CPU
		{4DD6EDF3-2988-4F52-AE2D-A46CBD88B5C4}.Release|Any CPU.Build.0 = Release|Any CPU
		{4DD6EDF3-2988-4F52-AE2D-A46CBD88B5C4}.Release|Any CPU.Deploy.0 = Release|Any CPU
	EndGlobalSection
	GlobalSection(SolutionProperties) = preSolution
		HideSolutionNode = FALSE
	EndGlobalSection
	GlobalSection(ExtensibilityGlobals) = postSolution
		SolutionGuid = {E6E2591E-8756-4119-9172-A45F5ABAABBC}
	EndGlobalSection
EndGlobal
